
Microsoft Visual Studio Solution File, Format Version 12.00
# Visual Studio 15
VisualStudioVersion = 15.0.26124.0
MinimumVisualStudioVersion = 15.0.26124.0
Project("{9A19103F-16F7-4668-BE54-9A1E7A4F7556}") = "R5T.Evosmos.CDriveTemp.Construction", "R5T.Evosmos.CDriveTemp.Construction\R5T.Evosmos.CDriveTemp.Construction.csproj", "{B197E82A-6796-4764-B8F8-D11B702E71A4}"
EndProject
Project("{9A19103F-16F7-4668-BE54-9A1E7A4F7556}") = "R5T.Evosmos.CDriveTemp", "R5T.Evosmos.CDriveTemp\R5T.Evosmos.CDriveTemp.csproj", "{314C8FCF-54CF-4373-A793-E1FE42074CD8}"
EndProject
Project("{9A19103F-16F7-4668-BE54-9A1E7A4F7556}") = "R5T.Evosmos.CDriveTemp.Testing", "R5T.Evosmos.CDriveTemp.Testing\R5T.Evosmos.CDriveTemp.Testing.csproj", "{57558A47-1629-4295-B266-D2F3754985E4}"
EndProject
Project("{2150E333-8FDC-42A3-9474-1A3956D46DE8}") = "_Dependencies", "_Dependencies", "{163C2A7E-C8F1-46B1-A98E-7C9F40E344B9}"
EndProject
Project("{9A19103F-16F7-4668-BE54-9A1E7A4F7556}") = "R5T.Evosmos.Thessaloniki", "..\..\R5T.Evosmos.Thessaloniki\source\R5T.Evosmos.Thessaloniki\R5T.Evosmos.Thessaloniki.csproj", "{8D8C9F2F-61B4-4EB0-8ADF-C20E3E9341C2}"
EndProject
Project("{9A19103F-16F7-4668-BE54-9A1E7A4F7556}") = "R5T.Lombardy.Standard", "..\..\R5T.Lombardy.Standard\source\R5T.Lombardy.Standard\R5T.Lombardy.Standard.csproj", "{D257A665-D8A5-4E45-ADB4-1750CDF28659}"
EndProject
Project("{9A19103F-16F7-4668-BE54-9A1E7A4F7556}") = "R5T.Thessaloniki.CDrive", "..\..\R5T.Thessaloniki.CDrive\source\R5T.Thessaloniki.CDrive\R5T.Thessaloniki.CDrive.csproj", "{E3463022-6428-4F50-8481-7114CEED0545}"
EndProject
Project("{9A19103F-16F7-4668-BE54-9A1E7A4F7556}") = "R5T.Evosmos.Base", "..\..\R5T.Evosmos.Base\source\R5T.Evosmos.Base\R5T.Evosmos.Base.csproj", "{66DBDE85-0850-4915-B26C-BC5A882AB528}"
EndProject
Project("{9A19103F-16F7-4668-BE54-9A1E7A4F7556}") = "R5T.Lombardy.Base", "..\..\R5T.Lombardy.Base\source\R5T.Lombardy.Base\R5T.Lombardy.Base.csproj", "{418109DA-8433-47EB-9FC7-4FD93E54F3B5}"
EndProject
Project("{9A19103F-16F7-4668-BE54-9A1E7A4F7556}") = "R5T.Thessaloniki.Base", "..\..\R5T.Thessaloniki.Base\source\R5T.Thessaloniki.Base\R5T.Thessaloniki.Base.csproj", "{34299448-2D2E-45C1-B1C9-36B9BB33AC1B}"
EndProject
Project("{9A19103F-16F7-4668-BE54-9A1E7A4F7556}") = "R5T.Dacia", "..\..\R5T.Dacia\source\R5T.Dacia\R5T.Dacia.csproj", "{2E8B42C7-59CB-40E2-A869-160B3F7FB223}"
EndProject
Project("{9A19103F-16F7-4668-BE54-9A1E7A4F7556}") = "R5T.Lombardy", "..\..\R5T.Lombardy\source\R5T.Lombardy\R5T.Lombardy.csproj", "{0CA86993-44AA-47D1-B66F-10F39BD1EEC5}"
EndProject
Project("{9A19103F-16F7-4668-BE54-9A1E7A4F7556}") = "R5T.Cherusci", "..\..\R5T.Cherusci\source\R5T.Cherusci\R5T.Cherusci.csproj", "{4229A258-43C6-4EBF-8C1B-4B92D671C85B}"
EndProject
Project("{9A19103F-16F7-4668-BE54-9A1E7A4F7556}") = "R5T.Magyar", "..\..\R5T.Magyar\source\R5T.Magyar\R5T.Magyar.csproj", "{95D83EBB-4B87-44D5-9BDB-E6C363567992}"
EndProject
Project("{9A19103F-16F7-4668-BE54-9A1E7A4F7556}") = "R5T.Rugia", "..\..\R5T.Rugia\source\R5T.Rugia\R5T.Rugia.csproj", "{256E3633-95FA-45DE-8D58-B19E1741B5B1}"
EndProject
Project("{9A19103F-16F7-4668-BE54-9A1E7A4F7556}") = "R5T.Rugia.Base", "..\..\R5T.Rugia.Base\source\R5T.Rugia.Base\R5T.Rugia.Base.csproj", "{1B1B47FB-13CB-462E-99F2-B23699D3BD6A}"
EndProject
Project("{9A19103F-16F7-4668-BE54-9A1E7A4F7556}") = "R5T.Copenhagen.Standard", "..\..\R5T.Copenhagen.Standard\source\R5T.Copenhagen.Standard\R5T.Copenhagen.Standard.csproj", "{A2D73F16-5948-481F-8FBE-9BEE91802CE1}"
EndProject
Project("{9A19103F-16F7-4668-BE54-9A1E7A4F7556}") = "R5T.Canterbury.Standard", "..\..\R5T.Canterbury.Standard\source\R5T.Canterbury.Standard\R5T.Canterbury.Standard.csproj", "{4AB1F9E2-617E-43F7-B7AD-CCD1FA00F911}"
EndProject
Project("{9A19103F-16F7-4668-BE54-9A1E7A4F7556}") = "R5T.Canterbury.Default", "..\..\R5T.Canterbury.Default\source\R5T.Canterbury.Default\R5T.Canterbury.Default.csproj", "{CEA5992E-673A-4CAC-B774-5A12ABAD8B6A}"
EndProject
Project("{9A19103F-16F7-4668-BE54-9A1E7A4F7556}") = "R5T.Canterbury.Base", "..\..\R5T.Canterbury.Base\source\R5T.Canterbury.Base\R5T.Canterbury.Base.csproj", "{C7FE1C50-1C92-4723-A255-0FB93F5FD6B1}"
EndProject
Project("{9A19103F-16F7-4668-BE54-9A1E7A4F7556}") = "R5T.Copenhagen.Default", "..\..\R5T.Copenhagen.Default\source\R5T.Copenhagen.Default\R5T.Copenhagen.Default.csproj", "{23E7EF1E-D626-4ADE-85FA-AF3EDA977332}"
EndProject
Project("{9A19103F-16F7-4668-BE54-9A1E7A4F7556}") = "R5T.Copenhagen.Base", "..\..\R5T.Copenhagen.Base\source\R5T.Copenhagen.Base\R5T.Copenhagen.Base.csproj", "{7C6E56AE-A0F3-47F7-A4FE-8940CFEA561C}"
EndProject
Project("{9A19103F-16F7-4668-BE54-9A1E7A4F7556}") = "R5T.Thessaloniki.Copenhagen", "..\..\R5T.Thessaloniki.Copenhagen\source\R5T.Thessaloniki.Copenhagen\R5T.Thessaloniki.Copenhagen.csproj", "{570FA42E-57D2-4146-8835-4F0FEB06A1FE}"
EndProject
Project("{9A19103F-16F7-4668-BE54-9A1E7A4F7556}") = "R5T.Troy.Base", "..\..\R5T.Troy.Base\source\R5T.Troy.Base\R5T.Troy.Base.csproj", "{0DB078EB-4921-47E1-9823-72007FD43943}"
EndProject
Project("{9A19103F-16F7-4668-BE54-9A1E7A4F7556}") = "R5T.Troy.Standard", "..\..\R5T.Troy.Standard\source\R5T.Troy.Standard\R5T.Troy.Standard.csproj", "{4B7EE9E5-77D3-45F9-879C-3031A8737DCB}"
EndProject
Project("{9A19103F-16F7-4668-BE54-9A1E7A4F7556}") = "R5T.Troy.Default", "..\..\R5T.Troy.Default\source\R5T.Troy.Default\R5T.Troy.Default.csproj", "{01509953-6E84-439A-9666-604E4A7B5963}"
EndProject
Global
	GlobalSection(SolutionConfigurationPlatforms) = preSolution
		Debug|Any CPU = Debug|Any CPU
		Debug|x64 = Debug|x64
		Debug|x86 = Debug|x86
		Release|Any CPU = Release|Any CPU
		Release|x64 = Release|x64
		Release|x86 = Release|x86
	EndGlobalSection
	GlobalSection(ProjectConfigurationPlatforms) = postSolution
		{B197E82A-6796-4764-B8F8-D11B702E71A4}.Debug|Any CPU.ActiveCfg = Debug|Any CPU
		{B197E82A-6796-4764-B8F8-D11B702E71A4}.Debug|Any CPU.Build.0 = Debug|Any CPU
		{B197E82A-6796-4764-B8F8-D11B702E71A4}.Debug|x64.ActiveCfg = Debug|Any CPU
		{B197E82A-6796-4764-B8F8-D11B702E71A4}.Debug|x64.Build.0 = Debug|Any CPU
		{B197E82A-6796-4764-B8F8-D11B702E71A4}.Debug|x86.ActiveCfg = Debug|Any CPU
		{B197E82A-6796-4764-B8F8-D11B702E71A4}.Debug|x86.Build.0 = Debug|Any CPU
		{B197E82A-6796-4764-B8F8-D11B702E71A4}.Release|Any CPU.ActiveCfg = Release|Any CPU
		{B197E82A-6796-4764-B8F8-D11B702E71A4}.Release|Any CPU.Build.0 = Release|Any CPU
		{B197E82A-6796-4764-B8F8-D11B702E71A4}.Release|x64.ActiveCfg = Release|Any CPU
		{B197E82A-6796-4764-B8F8-D11B702E71A4}.Release|x64.Build.0 = Release|Any CPU
		{B197E82A-6796-4764-B8F8-D11B702E71A4}.Release|x86.ActiveCfg = Release|Any CPU
		{B197E82A-6796-4764-B8F8-D11B702E71A4}.Release|x86.Build.0 = Release|Any CPU
		{314C8FCF-54CF-4373-A793-E1FE42074CD8}.Debug|Any CPU.ActiveCfg = Debug|Any CPU
		{314C8FCF-54CF-4373-A793-E1FE42074CD8}.Debug|Any CPU.Build.0 = Debug|Any CPU
		{314C8FCF-54CF-4373-A793-E1FE42074CD8}.Debug|x64.ActiveCfg = Debug|Any CPU
		{314C8FCF-54CF-4373-A793-E1FE42074CD8}.Debug|x64.Build.0 = Debug|Any CPU
		{314C8FCF-54CF-4373-A793-E1FE42074CD8}.Debug|x86.ActiveCfg = Debug|Any CPU
		{314C8FCF-54CF-4373-A793-E1FE42074CD8}.Debug|x86.Build.0 = Debug|Any CPU
		{314C8FCF-54CF-4373-A793-E1FE42074CD8}.Release|Any CPU.ActiveCfg = Release|Any CPU
		{314C8FCF-54CF-4373-A793-E1FE42074CD8}.Release|Any CPU.Build.0 = Release|Any CPU
		{314C8FCF-54CF-4373-A793-E1FE42074CD8}.Release|x64.ActiveCfg = Release|Any CPU
		{314C8FCF-54CF-4373-A793-E1FE42074CD8}.Release|x64.Build.0 = Release|Any CPU
		{314C8FCF-54CF-4373-A793-E1FE42074CD8}.Release|x86.ActiveCfg = Release|Any CPU
		{314C8FCF-54CF-4373-A793-E1FE42074CD8}.Release|x86.Build.0 = Release|Any CPU
		{57558A47-1629-4295-B266-D2F3754985E4}.Debug|Any CPU.ActiveCfg = Debug|Any CPU
		{57558A47-1629-4295-B266-D2F3754985E4}.Debug|Any CPU.Build.0 = Debug|Any CPU
		{57558A47-1629-4295-B266-D2F3754985E4}.Debug|x64.ActiveCfg = Debug|Any CPU
		{57558A47-1629-4295-B266-D2F3754985E4}.Debug|x64.Build.0 = Debug|Any CPU
		{57558A47-1629-4295-B266-D2F3754985E4}.Debug|x86.ActiveCfg = Debug|Any CPU
		{57558A47-1629-4295-B266-D2F3754985E4}.Debug|x86.Build.0 = Debug|Any CPU
		{57558A47-1629-4295-B266-D2F3754985E4}.Release|Any CPU.ActiveCfg = Release|Any CPU
		{57558A47-1629-4295-B266-D2F3754985E4}.Release|Any CPU.Build.0 = Release|Any CPU
		{57558A47-1629-4295-B266-D2F3754985E4}.Release|x64.ActiveCfg = Release|Any CPU
		{57558A47-1629-4295-B266-D2F3754985E4}.Release|x64.Build.0 = Release|Any CPU
		{57558A47-1629-4295-B266-D2F3754985E4}.Release|x86.ActiveCfg = Release|Any CPU
		{57558A47-1629-4295-B266-D2F3754985E4}.Release|x86.Build.0 = Release|Any CPU
		{8D8C9F2F-61B4-4EB0-8ADF-C20E3E9341C2}.Debug|Any CPU.ActiveCfg = Debug|Any CPU
		{8D8C9F2F-61B4-4EB0-8ADF-C20E3E9341C2}.Debug|Any CPU.Build.0 = Debug|Any CPU
		{8D8C9F2F-61B4-4EB0-8ADF-C20E3E9341C2}.Debug|x64.ActiveCfg = Debug|Any CPU
		{8D8C9F2F-61B4-4EB0-8ADF-C20E3E9341C2}.Debug|x64.Build.0 = Debug|Any CPU
		{8D8C9F2F-61B4-4EB0-8ADF-C20E3E9341C2}.Debug|x86.ActiveCfg = Debug|Any CPU
		{8D8C9F2F-61B4-4EB0-8ADF-C20E3E9341C2}.Debug|x86.Build.0 = Debug|Any CPU
		{8D8C9F2F-61B4-4EB0-8ADF-C20E3E9341C2}.Release|Any CPU.ActiveCfg = Release|Any CPU
		{8D8C9F2F-61B4-4EB0-8ADF-C20E3E9341C2}.Release|Any CPU.Build.0 = Release|Any CPU
		{8D8C9F2F-61B4-4EB0-8ADF-C20E3E9341C2}.Release|x64.ActiveCfg = Release|Any CPU
		{8D8C9F2F-61B4-4EB0-8ADF-C20E3E9341C2}.Release|x64.Build.0 = Release|Any CPU
		{8D8C9F2F-61B4-4EB0-8ADF-C20E3E9341C2}.Release|x86.ActiveCfg = Release|Any CPU
		{8D8C9F2F-61B4-4EB0-8ADF-C20E3E9341C2}.Release|x86.Build.0 = Release|Any CPU
		{D257A665-D8A5-4E45-ADB4-1750CDF28659}.Debug|Any CPU.ActiveCfg = Debug|Any CPU
		{D257A665-D8A5-4E45-ADB4-1750CDF28659}.Debug|Any CPU.Build.0 = Debug|Any CPU
		{D257A665-D8A5-4E45-ADB4-1750CDF28659}.Debug|x64.ActiveCfg = Debug|Any CPU
		{D257A665-D8A5-4E45-ADB4-1750CDF28659}.Debug|x64.Build.0 = Debug|Any CPU
		{D257A665-D8A5-4E45-ADB4-1750CDF28659}.Debug|x86.ActiveCfg = Debug|Any CPU
		{D257A665-D8A5-4E45-ADB4-1750CDF28659}.Debug|x86.Build.0 = Debug|Any CPU
		{D257A665-D8A5-4E45-ADB4-1750CDF28659}.Release|Any CPU.ActiveCfg = Release|Any CPU
		{D257A665-D8A5-4E45-ADB4-1750CDF28659}.Release|Any CPU.Build.0 = Release|Any CPU
		{D257A665-D8A5-4E45-ADB4-1750CDF28659}.Release|x64.ActiveCfg = Release|Any CPU
		{D257A665-D8A5-4E45-ADB4-1750CDF28659}.Release|x64.Build.0 = Release|Any CPU
		{D257A665-D8A5-4E45-ADB4-1750CDF28659}.Release|x86.ActiveCfg = Release|Any CPU
		{D257A665-D8A5-4E45-ADB4-1750CDF28659}.Release|x86.Build.0 = Release|Any CPU
		{E3463022-6428-4F50-8481-7114CEED0545}.Debug|Any CPU.ActiveCfg = Debug|Any CPU
		{E3463022-6428-4F50-8481-7114CEED0545}.Debug|Any CPU.Build.0 = Debug|Any CPU
		{E3463022-6428-4F50-8481-7114CEED0545}.Debug|x64.ActiveCfg = Debug|Any CPU
		{E3463022-6428-4F50-8481-7114CEED0545}.Debug|x64.Build.0 = Debug|Any CPU
		{E3463022-6428-4F50-8481-7114CEED0545}.Debug|x86.ActiveCfg = Debug|Any CPU
		{E3463022-6428-4F50-8481-7114CEED0545}.Debug|x86.Build.0 = Debug|Any CPU
		{E3463022-6428-4F50-8481-7114CEED0545}.Release|Any CPU.ActiveCfg = Release|Any CPU
		{E3463022-6428-4F50-8481-7114CEED0545}.Release|Any CPU.Build.0 = Release|Any CPU
		{E3463022-6428-4F50-8481-7114CEED0545}.Release|x64.ActiveCfg = Release|Any CPU
		{E3463022-6428-4F50-8481-7114CEED0545}.Release|x64.Build.0 = Release|Any CPU
		{E3463022-6428-4F50-8481-7114CEED0545}.Release|x86.ActiveCfg = Release|Any CPU
		{E3463022-6428-4F50-8481-7114CEED0545}.Release|x86.Build.0 = Release|Any CPU
		{66DBDE85-0850-4915-B26C-BC5A882AB528}.Debug|Any CPU.ActiveCfg = Debug|Any CPU
		{66DBDE85-0850-4915-B26C-BC5A882AB528}.Debug|Any CPU.Build.0 = Debug|Any CPU
		{66DBDE85-0850-4915-B26C-BC5A882AB528}.Debug|x64.ActiveCfg = Debug|Any CPU
		{66DBDE85-0850-4915-B26C-BC5A882AB528}.Debug|x64.Build.0 = Debug|Any CPU
		{66DBDE85-0850-4915-B26C-BC5A882AB528}.Debug|x86.ActiveCfg = Debug|Any CPU
		{66DBDE85-0850-4915-B26C-BC5A882AB528}.Debug|x86.Build.0 = Debug|Any CPU
		{66DBDE85-0850-4915-B26C-BC5A882AB528}.Release|Any CPU.ActiveCfg = Release|Any CPU
		{66DBDE85-0850-4915-B26C-BC5A882AB528}.Release|Any CPU.Build.0 = Release|Any CPU
		{66DBDE85-0850-4915-B26C-BC5A882AB528}.Release|x64.ActiveCfg = Release|Any CPU
		{66DBDE85-0850-4915-B26C-BC5A882AB528}.Release|x64.Build.0 = Release|Any CPU
		{66DBDE85-0850-4915-B26C-BC5A882AB528}.Release|x86.ActiveCfg = Release|Any CPU
		{66DBDE85-0850-4915-B26C-BC5A882AB528}.Release|x86.Build.0 = Release|Any CPU
		{418109DA-8433-47EB-9FC7-4FD93E54F3B5}.Debug|Any CPU.ActiveCfg = Debug|Any CPU
		{418109DA-8433-47EB-9FC7-4FD93E54F3B5}.Debug|Any CPU.Build.0 = Debug|Any CPU
		{418109DA-8433-47EB-9FC7-4FD93E54F3B5}.Debug|x64.ActiveCfg = Debug|Any CPU
		{418109DA-8433-47EB-9FC7-4FD93E54F3B5}.Debug|x64.Build.0 = Debug|Any CPU
		{418109DA-8433-47EB-9FC7-4FD93E54F3B5}.Debug|x86.ActiveCfg = Debug|Any CPU
		{418109DA-8433-47EB-9FC7-4FD93E54F3B5}.Debug|x86.Build.0 = Debug|Any CPU
		{418109DA-8433-47EB-9FC7-4FD93E54F3B5}.Release|Any CPU.ActiveCfg = Release|Any CPU
		{418109DA-8433-47EB-9FC7-4FD93E54F3B5}.Release|Any CPU.Build.0 = Release|Any CPU
		{418109DA-8433-47EB-9FC7-4FD93E54F3B5}.Release|x64.ActiveCfg = Release|Any CPU
		{418109DA-8433-47EB-9FC7-4FD93E54F3B5}.Release|x64.Build.0 = Release|Any CPU
		{418109DA-8433-47EB-9FC7-4FD93E54F3B5}.Release|x86.ActiveCfg = Release|Any CPU
		{418109DA-8433-47EB-9FC7-4FD93E54F3B5}.Release|x86.Build.0 = Release|Any CPU
		{34299448-2D2E-45C1-B1C9-36B9BB33AC1B}.Debug|Any CPU.ActiveCfg = Debug|Any CPU
		{34299448-2D2E-45C1-B1C9-36B9BB33AC1B}.Debug|Any CPU.Build.0 = Debug|Any CPU
		{34299448-2D2E-45C1-B1C9-36B9BB33AC1B}.Debug|x64.ActiveCfg = Debug|Any CPU
		{34299448-2D2E-45C1-B1C9-36B9BB33AC1B}.Debug|x64.Build.0 = Debug|Any CPU
		{34299448-2D2E-45C1-B1C9-36B9BB33AC1B}.Debug|x86.ActiveCfg = Debug|Any CPU
		{34299448-2D2E-45C1-B1C9-36B9BB33AC1B}.Debug|x86.Build.0 = Debug|Any CPU
		{34299448-2D2E-45C1-B1C9-36B9BB33AC1B}.Release|Any CPU.ActiveCfg = Release|Any CPU
		{34299448-2D2E-45C1-B1C9-36B9BB33AC1B}.Release|Any CPU.Build.0 = Release|Any CPU
		{34299448-2D2E-45C1-B1C9-36B9BB33AC1B}.Release|x64.ActiveCfg = Release|Any CPU
		{34299448-2D2E-45C1-B1C9-36B9BB33AC1B}.Release|x64.Build.0 = Release|Any CPU
		{34299448-2D2E-45C1-B1C9-36B9BB33AC1B}.Release|x86.ActiveCfg = Release|Any CPU
		{34299448-2D2E-45C1-B1C9-36B9BB33AC1B}.Release|x86.Build.0 = Release|Any CPU
		{2E8B42C7-59CB-40E2-A869-160B3F7FB223}.Debug|Any CPU.ActiveCfg = Debug|Any CPU
		{2E8B42C7-59CB-40E2-A869-160B3F7FB223}.Debug|Any CPU.Build.0 = Debug|Any CPU
		{2E8B42C7-59CB-40E2-A869-160B3F7FB223}.Debug|x64.ActiveCfg = Debug|Any CPU
		{2E8B42C7-59CB-40E2-A869-160B3F7FB223}.Debug|x64.Build.0 = Debug|Any CPU
		{2E8B42C7-59CB-40E2-A869-160B3F7FB223}.Debug|x86.ActiveCfg = Debug|Any CPU
		{2E8B42C7-59CB-40E2-A869-160B3F7FB223}.Debug|x86.Build.0 = Debug|Any CPU
		{2E8B42C7-59CB-40E2-A869-160B3F7FB223}.Release|Any CPU.ActiveCfg = Release|Any CPU
		{2E8B42C7-59CB-40E2-A869-160B3F7FB223}.Release|Any CPU.Build.0 = Release|Any CPU
		{2E8B42C7-59CB-40E2-A869-160B3F7FB223}.Release|x64.ActiveCfg = Release|Any CPU
		{2E8B42C7-59CB-40E2-A869-160B3F7FB223}.Release|x64.Build.0 = Release|Any CPU
		{2E8B42C7-59CB-40E2-A869-160B3F7FB223}.Release|x86.ActiveCfg = Release|Any CPU
		{2E8B42C7-59CB-40E2-A869-160B3F7FB223}.Release|x86.Build.0 = Release|Any CPU
		{0CA86993-44AA-47D1-B66F-10F39BD1EEC5}.Debug|Any CPU.ActiveCfg = Debug|Any CPU
		{0CA86993-44AA-47D1-B66F-10F39BD1EEC5}.Debug|Any CPU.Build.0 = Debug|Any CPU
		{0CA86993-44AA-47D1-B66F-10F39BD1EEC5}.Debug|x64.ActiveCfg = Debug|Any CPU
		{0CA86993-44AA-47D1-B66F-10F39BD1EEC5}.Debug|x64.Build.0 = Debug|Any CPU
		{0CA86993-44AA-47D1-B66F-10F39BD1EEC5}.Debug|x86.ActiveCfg = Debug|Any CPU
		{0CA86993-44AA-47D1-B66F-10F39BD1EEC5}.Debug|x86.Build.0 = Debug|Any CPU
		{0CA86993-44AA-47D1-B66F-10F39BD1EEC5}.Release|Any CPU.ActiveCfg = Release|Any CPU
		{0CA86993-44AA-47D1-B66F-10F39BD1EEC5}.Release|Any CPU.Build.0 = Release|Any CPU
		{0CA86993-44AA-47D1-B66F-10F39BD1EEC5}.Release|x64.ActiveCfg = Release|Any CPU
		{0CA86993-44AA-47D1-B66F-10F39BD1EEC5}.Release|x64.Build.0 = Release|Any CPU
		{0CA86993-44AA-47D1-B66F-10F39BD1EEC5}.Release|x86.ActiveCfg = Release|Any CPU
		{0CA86993-44AA-47D1-B66F-10F39BD1EEC5}.Release|x86.Build.0 = Release|Any CPU
		{4229A258-43C6-4EBF-8C1B-4B92D671C85B}.Debug|Any CPU.ActiveCfg = Debug|Any CPU
		{4229A258-43C6-4EBF-8C1B-4B92D671C85B}.Debug|Any CPU.Build.0 = Debug|Any CPU
		{4229A258-43C6-4EBF-8C1B-4B92D671C85B}.Debug|x64.ActiveCfg = Debug|Any CPU
		{4229A258-43C6-4EBF-8C1B-4B92D671C85B}.Debug|x64.Build.0 = Debug|Any CPU
		{4229A258-43C6-4EBF-8C1B-4B92D671C85B}.Debug|x86.ActiveCfg = Debug|Any CPU
		{4229A258-43C6-4EBF-8C1B-4B92D671C85B}.Debug|x86.Build.0 = Debug|Any CPU
		{4229A258-43C6-4EBF-8C1B-4B92D671C85B}.Release|Any CPU.ActiveCfg = Release|Any CPU
		{4229A258-43C6-4EBF-8C1B-4B92D671C85B}.Release|Any CPU.Build.0 = Release|Any CPU
		{4229A258-43C6-4EBF-8C1B-4B92D671C85B}.Release|x64.ActiveCfg = Release|Any CPU
		{4229A258-43C6-4EBF-8C1B-4B92D671C85B}.Release|x64.Build.0 = Release|Any CPU
		{4229A258-43C6-4EBF-8C1B-4B92D671C85B}.Release|x86.ActiveCfg = Release|Any CPU
		{4229A258-43C6-4EBF-8C1B-4B92D671C85B}.Release|x86.Build.0 = Release|Any CPU
		{95D83EBB-4B87-44D5-9BDB-E6C363567992}.Debug|Any CPU.ActiveCfg = Debug|Any CPU
		{95D83EBB-4B87-44D5-9BDB-E6C363567992}.Debug|Any CPU.Build.0 = Debug|Any CPU
		{95D83EBB-4B87-44D5-9BDB-E6C363567992}.Debug|x64.ActiveCfg = Debug|Any CPU
		{95D83EBB-4B87-44D5-9BDB-E6C363567992}.Debug|x64.Build.0 = Debug|Any CPU
		{95D83EBB-4B87-44D5-9BDB-E6C363567992}.Debug|x86.ActiveCfg = Debug|Any CPU
		{95D83EBB-4B87-44D5-9BDB-E6C363567992}.Debug|x86.Build.0 = Debug|Any CPU
		{95D83EBB-4B87-44D5-9BDB-E6C363567992}.Release|Any CPU.ActiveCfg = Release|Any CPU
		{95D83EBB-4B87-44D5-9BDB-E6C363567992}.Release|Any CPU.Build.0 = Release|Any CPU
		{95D83EBB-4B87-44D5-9BDB-E6C363567992}.Release|x64.ActiveCfg = Release|Any CPU
		{95D83EBB-4B87-44D5-9BDB-E6C363567992}.Release|x64.Build.0 = Release|Any CPU
		{95D83EBB-4B87-44D5-9BDB-E6C363567992}.Release|x86.ActiveCfg = Release|Any CPU
		{95D83EBB-4B87-44D5-9BDB-E6C363567992}.Release|x86.Build.0 = Release|Any CPU
		{256E3633-95FA-45DE-8D58-B19E1741B5B1}.Debug|Any CPU.ActiveCfg = Debug|Any CPU
		{256E3633-95FA-45DE-8D58-B19E1741B5B1}.Debug|Any CPU.Build.0 = Debug|Any CPU
		{256E3633-95FA-45DE-8D58-B19E1741B5B1}.Debug|x64.ActiveCfg = Debug|Any CPU
		{256E3633-95FA-45DE-8D58-B19E1741B5B1}.Debug|x64.Build.0 = Debug|Any CPU
		{256E3633-95FA-45DE-8D58-B19E1741B5B1}.Debug|x86.ActiveCfg = Debug|Any CPU
		{256E3633-95FA-45DE-8D58-B19E1741B5B1}.Debug|x86.Build.0 = Debug|Any CPU
		{256E3633-95FA-45DE-8D58-B19E1741B5B1}.Release|Any CPU.ActiveCfg = Release|Any CPU
		{256E3633-95FA-45DE-8D58-B19E1741B5B1}.Release|Any CPU.Build.0 = Release|Any CPU
		{256E3633-95FA-45DE-8D58-B19E1741B5B1}.Release|x64.ActiveCfg = Release|Any CPU
		{256E3633-95FA-45DE-8D58-B19E1741B5B1}.Release|x64.Build.0 = Release|Any CPU
		{256E3633-95FA-45DE-8D58-B19E1741B5B1}.Release|x86.ActiveCfg = Release|Any CPU
		{256E3633-95FA-45DE-8D58-B19E1741B5B1}.Release|x86.Build.0 = Release|Any CPU
		{1B1B47FB-13CB-462E-99F2-B23699D3BD6A}.Debug|Any CPU.ActiveCfg = Debug|Any CPU
		{1B1B47FB-13CB-462E-99F2-B23699D3BD6A}.Debug|Any CPU.Build.0 = Debug|Any CPU
		{1B1B47FB-13CB-462E-99F2-B23699D3BD6A}.Debug|x64.ActiveCfg = Debug|Any CPU
		{1B1B47FB-13CB-462E-99F2-B23699D3BD6A}.Debug|x64.Build.0 = Debug|Any CPU
		{1B1B47FB-13CB-462E-99F2-B23699D3BD6A}.Debug|x86.ActiveCfg = Debug|Any CPU
		{1B1B47FB-13CB-462E-99F2-B23699D3BD6A}.Debug|x86.Build.0 = Debug|Any CPU
		{1B1B47FB-13CB-462E-99F2-B23699D3BD6A}.Release|Any CPU.ActiveCfg = Release|Any CPU
		{1B1B47FB-13CB-462E-99F2-B23699D3BD6A}.Release|Any CPU.Build.0 = Release|Any CPU
		{1B1B47FB-13CB-462E-99F2-B23699D3BD6A}.Release|x64.ActiveCfg = Release|Any CPU
		{1B1B47FB-13CB-462E-99F2-B23699D3BD6A}.Release|x64.Build.0 = Release|Any CPU
		{1B1B47FB-13CB-462E-99F2-B23699D3BD6A}.Release|x86.ActiveCfg = Release|Any CPU
		{1B1B47FB-13CB-462E-99F2-B23699D3BD6A}.Release|x86.Build.0 = Release|Any CPU
		{A2D73F16-5948-481F-8FBE-9BEE91802CE1}.Debug|Any CPU.ActiveCfg = Debug|Any CPU
		{A2D73F16-5948-481F-8FBE-9BEE91802CE1}.Debug|Any CPU.Build.0 = Debug|Any CPU
		{A2D73F16-5948-481F-8FBE-9BEE91802CE1}.Debug|x64.ActiveCfg = Debug|Any CPU
		{A2D73F16-5948-481F-8FBE-9BEE91802CE1}.Debug|x64.Build.0 = Debug|Any CPU
		{A2D73F16-5948-481F-8FBE-9BEE91802CE1}.Debug|x86.ActiveCfg = Debug|Any CPU
		{A2D73F16-5948-481F-8FBE-9BEE91802CE1}.Debug|x86.Build.0 = Debug|Any CPU
		{A2D73F16-5948-481F-8FBE-9BEE91802CE1}.Release|Any CPU.ActiveCfg = Release|Any CPU
		{A2D73F16-5948-481F-8FBE-9BEE91802CE1}.Release|Any CPU.Build.0 = Release|Any CPU
		{A2D73F16-5948-481F-8FBE-9BEE91802CE1}.Release|x64.ActiveCfg = Release|Any CPU
		{A2D73F16-5948-481F-8FBE-9BEE91802CE1}.Release|x64.Build.0 = Release|Any CPU
		{A2D73F16-5948-481F-8FBE-9BEE91802CE1}.Release|x86.ActiveCfg = Release|Any CPU
		{A2D73F16-5948-481F-8FBE-9BEE91802CE1}.Release|x86.Build.0 = Release|Any CPU
		{4AB1F9E2-617E-43F7-B7AD-CCD1FA00F911}.Debug|Any CPU.ActiveCfg = Debug|Any CPU
		{4AB1F9E2-617E-43F7-B7AD-CCD1FA00F911}.Debug|Any CPU.Build.0 = Debug|Any CPU
		{4AB1F9E2-617E-43F7-B7AD-CCD1FA00F911}.Debug|x64.ActiveCfg = Debug|Any CPU
		{4AB1F9E2-617E-43F7-B7AD-CCD1FA00F911}.Debug|x64.Build.0 = Debug|Any CPU
		{4AB1F9E2-617E-43F7-B7AD-CCD1FA00F911}.Debug|x86.ActiveCfg = Debug|Any CPU
		{4AB1F9E2-617E-43F7-B7AD-CCD1FA00F911}.Debug|x86.Build.0 = Debug|Any CPU
		{4AB1F9E2-617E-43F7-B7AD-CCD1FA00F911}.Release|Any CPU.ActiveCfg = Release|Any CPU
		{4AB1F9E2-617E-43F7-B7AD-CCD1FA00F911}.Release|Any CPU.Build.0 = Release|Any CPU
		{4AB1F9E2-617E-43F7-B7AD-CCD1FA00F911}.Release|x64.ActiveCfg = Release|Any CPU
		{4AB1F9E2-617E-43F7-B7AD-CCD1FA00F911}.Release|x64.Build.0 = Release|Any CPU
		{4AB1F9E2-617E-43F7-B7AD-CCD1FA00F911}.Release|x86.ActiveCfg = Release|Any CPU
		{4AB1F9E2-617E-43F7-B7AD-CCD1FA00F911}.Release|x86.Build.0 = Release|Any CPU
		{CEA5992E-673A-4CAC-B774-5A12ABAD8B6A}.Debug|Any CPU.ActiveCfg = Debug|Any CPU
		{CEA5992E-673A-4CAC-B774-5A12ABAD8B6A}.Debug|Any CPU.Build.0 = Debug|Any CPU
		{CEA5992E-673A-4CAC-B774-5A12ABAD8B6A}.Debug|x64.ActiveCfg = Debug|Any CPU
		{CEA5992E-673A-4CAC-B774-5A12ABAD8B6A}.Debug|x64.Build.0 = Debug|Any CPU
		{CEA5992E-673A-4CAC-B774-5A12ABAD8B6A}.Debug|x86.ActiveCfg = Debug|Any CPU
		{CEA5992E-673A-4CAC-B774-5A12ABAD8B6A}.Debug|x86.Build.0 = Debug|Any CPU
		{CEA5992E-673A-4CAC-B774-5A12ABAD8B6A}.Release|Any CPU.ActiveCfg = Release|Any CPU
		{CEA5992E-673A-4CAC-B774-5A12ABAD8B6A}.Release|Any CPU.Build.0 = Release|Any CPU
		{CEA5992E-673A-4CAC-B774-5A12ABAD8B6A}.Release|x64.ActiveCfg = Release|Any CPU
		{CEA5992E-673A-4CAC-B774-5A12ABAD8B6A}.Release|x64.Build.0 = Release|Any CPU
		{CEA5992E-673A-4CAC-B774-5A12ABAD8B6A}.Release|x86.ActiveCfg = Release|Any CPU
		{CEA5992E-673A-4CAC-B774-5A12ABAD8B6A}.Release|x86.Build.0 = Release|Any CPU
		{C7FE1C50-1C92-4723-A255-0FB93F5FD6B1}.Debug|Any CPU.ActiveCfg = Debug|Any CPU
		{C7FE1C50-1C92-4723-A255-0FB93F5FD6B1}.Debug|Any CPU.Build.0 = Debug|Any CPU
		{C7FE1C50-1C92-4723-A255-0FB93F5FD6B1}.Debug|x64.ActiveCfg = Debug|Any CPU
		{C7FE1C50-1C92-4723-A255-0FB93F5FD6B1}.Debug|x64.Build.0 = Debug|Any CPU
		{C7FE1C50-1C92-4723-A255-0FB93F5FD6B1}.Debug|x86.ActiveCfg = Debug|Any CPU
		{C7FE1C50-1C92-4723-A255-0FB93F5FD6B1}.Debug|x86.Build.0 = Debug|Any CPU
		{C7FE1C50-1C92-4723-A255-0FB93F5FD6B1}.Release|Any CPU.ActiveCfg = Release|Any CPU
		{C7FE1C50-1C92-4723-A255-0FB93F5FD6B1}.Release|Any CPU.Build.0 = Release|Any CPU
		{C7FE1C50-1C92-4723-A255-0FB93F5FD6B1}.Release|x64.ActiveCfg = Release|Any CPU
		{C7FE1C50-1C92-4723-A255-0FB93F5FD6B1}.Release|x64.Build.0 = Release|Any CPU
		{C7FE1C50-1C92-4723-A255-0FB93F5FD6B1}.Release|x86.ActiveCfg = Release|Any CPU
		{C7FE1C50-1C92-4723-A255-0FB93F5FD6B1}.Release|x86.Build.0 = Release|Any CPU
		{23E7EF1E-D626-4ADE-85FA-AF3EDA977332}.Debug|Any CPU.ActiveCfg = Debug|Any CPU
		{23E7EF1E-D626-4ADE-85FA-AF3EDA977332}.Debug|Any CPU.Build.0 = Debug|Any CPU
		{23E7EF1E-D626-4ADE-85FA-AF3EDA977332}.Debug|x64.ActiveCfg = Debug|Any CPU
		{23E7EF1E-D626-4ADE-85FA-AF3EDA977332}.Debug|x64.Build.0 = Debug|Any CPU
		{23E7EF1E-D626-4ADE-85FA-AF3EDA977332}.Debug|x86.ActiveCfg = Debug|Any CPU
		{23E7EF1E-D626-4ADE-85FA-AF3EDA977332}.Debug|x86.Build.0 = Debug|Any CPU
		{23E7EF1E-D626-4ADE-85FA-AF3EDA977332}.Release|Any CPU.ActiveCfg = Release|Any CPU
		{23E7EF1E-D626-4ADE-85FA-AF3EDA977332}.Release|Any CPU.Build.0 = Release|Any CPU
		{23E7EF1E-D626-4ADE-85FA-AF3EDA977332}.Release|x64.ActiveCfg = Release|Any CPU
		{23E7EF1E-D626-4ADE-85FA-AF3EDA977332}.Release|x64.Build.0 = Release|Any CPU
		{23E7EF1E-D626-4ADE-85FA-AF3EDA977332}.Release|x86.ActiveCfg = Release|Any CPU
		{23E7EF1E-D626-4ADE-85FA-AF3EDA977332}.Release|x86.Build.0 = Release|Any CPU
		{7C6E56AE-A0F3-47F7-A4FE-8940CFEA561C}.Debug|Any CPU.ActiveCfg = Debug|Any CPU
		{7C6E56AE-A0F3-47F7-A4FE-8940CFEA561C}.Debug|Any CPU.Build.0 = Debug|Any CPU
		{7C6E56AE-A0F3-47F7-A4FE-8940CFEA561C}.Debug|x64.ActiveCfg = Debug|Any CPU
		{7C6E56AE-A0F3-47F7-A4FE-8940CFEA561C}.Debug|x64.Build.0 = Debug|Any CPU
		{7C6E56AE-A0F3-47F7-A4FE-8940CFEA561C}.Debug|x86.ActiveCfg = Debug|Any CPU
		{7C6E56AE-A0F3-47F7-A4FE-8940CFEA561C}.Debug|x86.Build.0 = Debug|Any CPU
		{7C6E56AE-A0F3-47F7-A4FE-8940CFEA561C}.Release|Any CPU.ActiveCfg = Release|Any CPU
		{7C6E56AE-A0F3-47F7-A4FE-8940CFEA561C}.Release|Any CPU.Build.0 = Release|Any CPU
		{7C6E56AE-A0F3-47F7-A4FE-8940CFEA561C}.Release|x64.ActiveCfg = Release|Any CPU
		{7C6E56AE-A0F3-47F7-A4FE-8940CFEA561C}.Release|x64.Build.0 = Release|Any CPU
		{7C6E56AE-A0F3-47F7-A4FE-8940CFEA561C}.Release|x86.ActiveCfg = Release|Any CPU
		{7C6E56AE-A0F3-47F7-A4FE-8940CFEA561C}.Release|x86.Build.0 = Release|Any CPU
		{570FA42E-57D2-4146-8835-4F0FEB06A1FE}.Debug|Any CPU.ActiveCfg = Debug|Any CPU
		{570FA42E-57D2-4146-8835-4F0FEB06A1FE}.Debug|Any CPU.Build.0 = Debug|Any CPU
		{570FA42E-57D2-4146-8835-4F0FEB06A1FE}.Debug|x64.ActiveCfg = Debug|Any CPU
		{570FA42E-57D2-4146-8835-4F0FEB06A1FE}.Debug|x64.Build.0 = Debug|Any CPU
		{570FA42E-57D2-4146-8835-4F0FEB06A1FE}.Debug|x86.ActiveCfg = Debug|Any CPU
		{570FA42E-57D2-4146-8835-4F0FEB06A1FE}.Debug|x86.Build.0 = Debug|Any CPU
		{570FA42E-57D2-4146-8835-4F0FEB06A1FE}.Release|Any CPU.ActiveCfg = Release|Any CPU
		{570FA42E-57D2-4146-8835-4F0FEB06A1FE}.Release|Any CPU.Build.0 = Release|Any CPU
		{570FA42E-57D2-4146-8835-4F0FEB06A1FE}.Release|x64.ActiveCfg = Release|Any CPU
		{570FA42E-57D2-4146-8835-4F0FEB06A1FE}.Release|x64.Build.0 = Release|Any CPU
		{570FA42E-57D2-4146-8835-4F0FEB06A1FE}.Release|x86.ActiveCfg = Release|Any CPU
		{570FA42E-57D2-4146-8835-4F0FEB06A1FE}.Release|x86.Build.0 = Release|Any CPU
		{0DB078EB-4921-47E1-9823-72007FD43943}.Debug|Any CPU.ActiveCfg = Debug|Any CPU
		{0DB078EB-4921-47E1-9823-72007FD43943}.Debug|Any CPU.Build.0 = Debug|Any CPU
		{0DB078EB-4921-47E1-9823-72007FD43943}.Debug|x64.ActiveCfg = Debug|Any CPU
		{0DB078EB-4921-47E1-9823-72007FD43943}.Debug|x64.Build.0 = Debug|Any CPU
		{0DB078EB-4921-47E1-9823-72007FD43943}.Debug|x86.ActiveCfg = Debug|Any CPU
		{0DB078EB-4921-47E1-9823-72007FD43943}.Debug|x86.Build.0 = Debug|Any CPU
		{0DB078EB-4921-47E1-9823-72007FD43943}.Release|Any CPU.ActiveCfg = Release|Any CPU
		{0DB078EB-4921-47E1-9823-72007FD43943}.Release|Any CPU.Build.0 = Release|Any CPU
		{0DB078EB-4921-47E1-9823-72007FD43943}.Release|x64.ActiveCfg = Release|Any CPU
		{0DB078EB-4921-47E1-9823-72007FD43943}.Release|x64.Build.0 = Release|Any CPU
		{0DB078EB-4921-47E1-9823-72007FD43943}.Release|x86.ActiveCfg = Release|Any CPU
		{0DB078EB-4921-47E1-9823-72007FD43943}.Release|x86.Build.0 = Release|Any CPU
		{4B7EE9E5-77D3-45F9-879C-3031A8737DCB}.Debug|Any CPU.ActiveCfg = Debug|Any CPU
		{4B7EE9E5-77D3-45F9-879C-3031A8737DCB}.Debug|Any CPU.Build.0 = Debug|Any CPU
		{4B7EE9E5-77D3-45F9-879C-3031A8737DCB}.Debug|x64.ActiveCfg = Debug|Any CPU
		{4B7EE9E5-77D3-45F9-879C-3031A8737DCB}.Debug|x64.Build.0 = Debug|Any CPU
		{4B7EE9E5-77D3-45F9-879C-3031A8737DCB}.Debug|x86.ActiveCfg = Debug|Any CPU
		{4B7EE9E5-77D3-45F9-879C-3031A8737DCB}.Debug|x86.Build.0 = Debug|Any CPU
		{4B7EE9E5-77D3-45F9-879C-3031A8737DCB}.Release|Any CPU.ActiveCfg = Release|Any CPU
		{4B7EE9E5-77D3-45F9-879C-3031A8737DCB}.Release|Any CPU.Build.0 = Release|Any CPU
		{4B7EE9E5-77D3-45F9-879C-3031A8737DCB}.Release|x64.ActiveCfg = Release|Any CPU
		{4B7EE9E5-77D3-45F9-879C-3031A8737DCB}.Release|x64.Build.0 = Release|Any CPU
		{4B7EE9E5-77D3-45F9-879C-3031A8737DCB}.Release|x86.ActiveCfg = Release|Any CPU
		{4B7EE9E5-77D3-45F9-879C-3031A8737DCB}.Release|x86.Build.0 = Release|Any CPU
		{01509953-6E84-439A-9666-604E4A7B5963}.Debug|Any CPU.ActiveCfg = Debug|Any CPU
		{01509953-6E84-439A-9666-604E4A7B5963}.Debug|Any CPU.Build.0 = Debug|Any CPU
		{01509953-6E84-439A-9666-604E4A7B5963}.Debug|x64.ActiveCfg = Debug|Any CPU
		{01509953-6E84-439A-9666-604E4A7B5963}.Debug|x64.Build.0 = Debug|Any CPU
		{01509953-6E84-439A-9666-604E4A7B5963}.Debug|x86.ActiveCfg = Debug|Any CPU
		{01509953-6E84-439A-9666-604E4A7B5963}.Debug|x86.Build.0 = Debug|Any CPU
		{01509953-6E84-439A-9666-604E4A7B5963}.Release|Any CPU.ActiveCfg = Release|Any CPU
		{01509953-6E84-439A-9666-604E4A7B5963}.Release|Any CPU.Build.0 = Release|Any CPU
		{01509953-6E84-439A-9666-604E4A7B5963}.Release|x64.ActiveCfg = Release|Any CPU
		{01509953-6E84-439A-9666-604E4A7B5963}.Release|x64.Build.0 = Release|Any CPU
		{01509953-6E84-439A-9666-604E4A7B5963}.Release|x86.ActiveCfg = Release|Any CPU
		{01509953-6E84-439A-9666-604E4A7B5963}.Release|x86.Build.0 = Release|Any CPU
	EndGlobalSection
	GlobalSection(SolutionProperties) = preSolution
		HideSolutionNode = FALSE
	EndGlobalSection
	GlobalSection(NestedProjects) = preSolution
		{8D8C9F2F-61B4-4EB0-8ADF-C20E3E9341C2} = {163C2A7E-C8F1-46B1-A98E-7C9F40E344B9}
		{D257A665-D8A5-4E45-ADB4-1750CDF28659} = {163C2A7E-C8F1-46B1-A98E-7C9F40E344B9}
		{E3463022-6428-4F50-8481-7114CEED0545} = {163C2A7E-C8F1-46B1-A98E-7C9F40E344B9}
		{66DBDE85-0850-4915-B26C-BC5A882AB528} = {163C2A7E-C8F1-46B1-A98E-7C9F40E344B9}
		{418109DA-8433-47EB-9FC7-4FD93E54F3B5} = {163C2A7E-C8F1-46B1-A98E-7C9F40E344B9}
		{34299448-2D2E-45C1-B1C9-36B9BB33AC1B} = {163C2A7E-C8F1-46B1-A98E-7C9F40E344B9}
		{2E8B42C7-59CB-40E2-A869-160B3F7FB223} = {163C2A7E-C8F1-46B1-A98E-7C9F40E344B9}
		{0CA86993-44AA-47D1-B66F-10F39BD1EEC5} = {163C2A7E-C8F1-46B1-A98E-7C9F40E344B9}
		{4229A258-43C6-4EBF-8C1B-4B92D671C85B} = {163C2A7E-C8F1-46B1-A98E-7C9F40E344B9}
		{95D83EBB-4B87-44D5-9BDB-E6C363567992} = {163C2A7E-C8F1-46B1-A98E-7C9F40E344B9}
		{256E3633-95FA-45DE-8D58-B19E1741B5B1} = {163C2A7E-C8F1-46B1-A98E-7C9F40E344B9}
		{1B1B47FB-13CB-462E-99F2-B23699D3BD6A} = {163C2A7E-C8F1-46B1-A98E-7C9F40E344B9}
		{A2D73F16-5948-481F-8FBE-9BEE91802CE1} = {163C2A7E-C8F1-46B1-A98E-7C9F40E344B9}
		{4AB1F9E2-617E-43F7-B7AD-CCD1FA00F911} = {163C2A7E-C8F1-46B1-A98E-7C9F40E344B9}
		{CEA5992E-673A-4CAC-B774-5A12ABAD8B6A} = {163C2A7E-C8F1-46B1-A98E-7C9F40E344B9}
		{C7FE1C50-1C92-4723-A255-0FB93F5FD6B1} = {163C2A7E-C8F1-46B1-A98E-7C9F40E344B9}
		{23E7EF1E-D626-4ADE-85FA-AF3EDA977332} = {163C2A7E-C8F1-46B1-A98E-7C9F40E344B9}
		{7C6E56AE-A0F3-47F7-A4FE-8940CFEA561C} = {163C2A7E-C8F1-46B1-A98E-7C9F40E344B9}
		{570FA42E-57D2-4146-8835-4F0FEB06A1FE} = {163C2A7E-C8F1-46B1-A98E-7C9F40E344B9}
		{0DB078EB-4921-47E1-9823-72007FD43943} = {163C2A7E-C8F1-46B1-A98E-7C9F40E344B9}
		{4B7EE9E5-77D3-45F9-879C-3031A8737DCB} = {163C2A7E-C8F1-46B1-A98E-7C9F40E344B9}
		{01509953-6E84-439A-9666-604E4A7B5963} = {163C2A7E-C8F1-46B1-A98E-7C9F40E344B9}
	EndGlobalSection
	GlobalSection(ExtensibilityGlobals) = postSolution
		SolutionGuid = {2C63D762-8020-4996-932B-060B3EBCD3B6}
	EndGlobalSection
EndGlobal
