
Microsoft Visual Studio Solution File, Format Version 12.00
# Visual Studio Version 16
VisualStudioVersion = 16.0.30114.105
MinimumVisualStudioVersion = 10.0.40219.1
Project("{FAE04EC0-301F-11D3-BF4B-00C04F79EFBC}") = "R5T.Evosmos.CDriveTemp", "R5T.Evosmos.CDriveTemp\R5T.Evosmos.CDriveTemp.csproj", "{616A0CEE-7F4A-4DD9-9966-8CB9040D4346}"
EndProject
Project("{FAE04EC0-301F-11D3-BF4B-00C04F79EFBC}") = "R5T.Evosmos.CDriveTemp.Construction", "R5T.Evosmos.CDriveTemp.Construction\R5T.Evosmos.CDriveTemp.Construction.csproj", "{B01834A9-342B-4A6F-8B35-6F90833CAFBC}"
EndProject
Project("{FAE04EC0-301F-11D3-BF4B-00C04F79EFBC}") = "R5T.Evosmos.CDriveTemp.Testing", "R5T.Evosmos.CDriveTemp.Testing\R5T.Evosmos.CDriveTemp.Testing.csproj", "{B56CC468-A457-4478-8D45-47850014236E}"
EndProject
Global
	GlobalSection(SolutionConfigurationPlatforms) = preSolution
		Debug|Any CPU = Debug|Any CPU
		Debug|x64 = Debug|x64
		Debug|x86 = Debug|x86
		Release|Any CPU = Release|Any CPU
		Release|x64 = Release|x64
		Release|x86 = Release|x86
	EndGlobalSection
	GlobalSection(SolutionProperties) = preSolution
		HideSolutionNode = FALSE
	EndGlobalSection
	GlobalSection(ProjectConfigurationPlatforms) = postSolution
		{616A0CEE-7F4A-4DD9-9966-8CB9040D4346}.Debug|Any CPU.ActiveCfg = Debug|Any CPU
		{616A0CEE-7F4A-4DD9-9966-8CB9040D4346}.Debug|Any CPU.Build.0 = Debug|Any CPU
		{616A0CEE-7F4A-4DD9-9966-8CB9040D4346}.Debug|x64.ActiveCfg = Debug|Any CPU
		{616A0CEE-7F4A-4DD9-9966-8CB9040D4346}.Debug|x64.Build.0 = Debug|Any CPU
		{616A0CEE-7F4A-4DD9-9966-8CB9040D4346}.Debug|x86.ActiveCfg = Debug|Any CPU
		{616A0CEE-7F4A-4DD9-9966-8CB9040D4346}.Debug|x86.Build.0 = Debug|Any CPU
		{616A0CEE-7F4A-4DD9-9966-8CB9040D4346}.Release|Any CPU.ActiveCfg = Release|Any CPU
		{616A0CEE-7F4A-4DD9-9966-8CB9040D4346}.Release|Any CPU.Build.0 = Release|Any CPU
		{616A0CEE-7F4A-4DD9-9966-8CB9040D4346}.Release|x64.ActiveCfg = Release|Any CPU
		{616A0CEE-7F4A-4DD9-9966-8CB9040D4346}.Release|x64.Build.0 = Release|Any CPU
		{616A0CEE-7F4A-4DD9-9966-8CB9040D4346}.Release|x86.ActiveCfg = Release|Any CPU
		{616A0CEE-7F4A-4DD9-9966-8CB9040D4346}.Release|x86.Build.0 = Release|Any CPU
		{B01834A9-342B-4A6F-8B35-6F90833CAFBC}.Debug|Any CPU.ActiveCfg = Debug|Any CPU
		{B01834A9-342B-4A6F-8B35-6F90833CAFBC}.Debug|Any CPU.Build.0 = Debug|Any CPU
		{B01834A9-342B-4A6F-8B35-6F90833CAFBC}.Debug|x64.ActiveCfg = Debug|Any CPU
		{B01834A9-342B-4A6F-8B35-6F90833CAFBC}.Debug|x64.Build.0 = Debug|Any CPU
		{B01834A9-342B-4A6F-8B35-6F90833CAFBC}.Debug|x86.ActiveCfg = Debug|Any CPU
		{B01834A9-342B-4A6F-8B35-6F90833CAFBC}.Debug|x86.Build.0 = Debug|Any CPU
		{B01834A9-342B-4A6F-8B35-6F90833CAFBC}.Release|Any CPU.ActiveCfg = Release|Any CPU
		{B01834A9-342B-4A6F-8B35-6F90833CAFBC}.Release|Any CPU.Build.0 = Release|Any CPU
		{B01834A9-342B-4A6F-8B35-6F90833CAFBC}.Release|x64.ActiveCfg = Release|Any CPU
		{B01834A9-342B-4A6F-8B35-6F90833CAFBC}.Release|x64.Build.0 = Release|Any CPU
		{B01834A9-342B-4A6F-8B35-6F90833CAFBC}.Release|x86.ActiveCfg = Release|Any CPU
		{B01834A9-342B-4A6F-8B35-6F90833CAFBC}.Release|x86.Build.0 = Release|Any CPU
		{B56CC468-A457-4478-8D45-47850014236E}.Debug|Any CPU.ActiveCfg = Debug|Any CPU
		{B56CC468-A457-4478-8D45-47850014236E}.Debug|Any CPU.Build.0 = Debug|Any CPU
		{B56CC468-A457-4478-8D45-47850014236E}.Debug|x64.ActiveCfg = Debug|Any CPU
		{B56CC468-A457-4478-8D45-47850014236E}.Debug|x64.Build.0 = Debug|Any CPU
		{B56CC468-A457-4478-8D45-47850014236E}.Debug|x86.ActiveCfg = Debug|Any CPU
		{B56CC468-A457-4478-8D45-47850014236E}.Debug|x86.Build.0 = Debug|Any CPU
		{B56CC468-A457-4478-8D45-47850014236E}.Release|Any CPU.ActiveCfg = Release|Any CPU
		{B56CC468-A457-4478-8D45-47850014236E}.Release|Any CPU.Build.0 = Release|Any CPU
		{B56CC468-A457-4478-8D45-47850014236E}.Release|x64.ActiveCfg = Release|Any CPU
		{B56CC468-A457-4478-8D45-47850014236E}.Release|x64.Build.0 = Release|Any CPU
		{B56CC468-A457-4478-8D45-47850014236E}.Release|x86.ActiveCfg = Release|Any CPU
		{B56CC468-A457-4478-8D45-47850014236E}.Release|x86.Build.0 = Release|Any CPU
	EndGlobalSection
EndGlobal
